
Microsoft Visual Studio Solution File, Format Version 9.00
# Visual C# Express 2005
Project("{FAE04EC0-301F-11D3-BF4B-00C04F79EFBC}") = "LMSAPI_csharp", "LMSAPI_csharp\LMSAPI_csharp.csproj", "{682E93B6-7C1D-4C41-8183-8DC1A30595B1}"
EndProject
Global
	GlobalSection(SolutionConfigurationPlatforms) = preSolution
		Debug|Any CPU = Debug|Any CPU
		Release|Any CPU = Release|Any CPU
	EndGlobalSection
	GlobalSection(ProjectConfigurationPlatforms) = postSolution
		{682E93B6-7C1D-4C41-8183-8DC1A30595B1}.Debug|Any CPU.ActiveCfg = Debug|Any CPU
		{682E93B6-7C1D-4C41-8183-8DC1A30595B1}.Debug|Any CPU.Build.0 = Debug|Any CPU
		{682E93B6-7C1D-4C41-8183-8DC1A30595B1}.Release|Any CPU.ActiveCfg = Release|Any CPU
		{682E93B6-7C1D-4C41-8183-8DC1A30595B1}.Release|Any CPU.Build.0 = Release|Any CPU
	EndGlobalSection
	GlobalSection(SolutionProperties) = preSolution
		HideSolutionNode = FALSE
	EndGlobalSection
EndGlobal
